<?xml version="1.0" encoding="utf-8"?>
<Project ToolsVersion="4.0" xmlns="http://schemas.microsoft.com/developer/msbuild/2003">
  <ItemGroup>
    <Filter Include="File di origine">
      <UniqueIdentifier>{4FC737F1-C7A5-4376-A066-2A32D752A2FF}</UniqueIdentifier>
      <Extensions>cpp;c;cc;cxx;c++;cppm;ixx;def;odl;idl;hpj;bat;asm;asmx</Extensions>
    </Filter>
    <Filter Include="File di intestazione">
      <UniqueIdentifier>{93995380-89BD-4b04-88EB-625FBE52EBFB}</UniqueIdentifier>
      <Extensions>h;hh;hpp;hxx;h++;hm;inl;inc;ipp;xsd</Extensions>
    </Filter>
    <Filter Include="File di risorse">
      <UniqueIdentifier>{67DA6AB6-F800-4c08-8B7A-83BB121AAD01}</UniqueIdentifier>
      <Extensions>rc;ico;cur;bmp;dlg;rc2;rct;bin;rgs;gif;jpg;jpeg;jpe;resx;tiff;tif;png;wav;mfcribbon-ms</Extensions>
    </Filter>
    <Filter Include="File di intestazione\entity">
      <UniqueIdentifier>{7628df3b-ff0f-4a02-8033-44ad101bb912}</UniqueIdentifier>
    </Filter>
    <Filter Include="File di intestazione\utils">
      <UniqueIdentifier>{16ca5c4c-2ff2-406c-ae84-02e2229b9456}</UniqueIdentifier>
    </Filter>
    <Filter Include="File di intestazione\entity\entities">
      <UniqueIdentifier>{3db7ee29-eb7b-4eb8-896a-91e9d0e93942}</UniqueIdentifier>
    </Filter>
    <Filter Include="File di intestazione\levelgenerator">
      <UniqueIdentifier>{49005526-c639-4fdb-bbbe-8b5d8068f406}</UniqueIdentifier>
    </Filter>
    <Filter Include="File di intestazione\obstacle">
      <UniqueIdentifier>{def4e746-e9b0-4a11-a922-8be97546f901}</UniqueIdentifier>
    </Filter>
    <Filter Include="File di intestazione\obstacle\obstacles">
      <UniqueIdentifier>{28023478-3461-4ddd-8b34-eb6a80544ff5}</UniqueIdentifier>
    </Filter>
    <Filter Include="File di origine\entity">
      <UniqueIdentifier>{867da7ad-3c19-4c6e-a1af-24e56b72c971}</UniqueIdentifier>
    </Filter>
    <Filter Include="File di origine\entity\entities">
      <UniqueIdentifier>{089d4546-f562-4804-aaa1-bdfe1f3972f2}</UniqueIdentifier>
    </Filter>
    <Filter Include="File di origine\levelgenerator">
      <UniqueIdentifier>{f8b1b960-e924-4d8f-974d-fb8a3532555a}</UniqueIdentifier>
    </Filter>
    <Filter Include="File di origine\obstacle">
      <UniqueIdentifier>{24478ae9-dd69-40c2-8a4c-23937870390f}</UniqueIdentifier>
    </Filter>
    <Filter Include="File di origine\obstacle\obstacles">
      <UniqueIdentifier>{6518efaf-c8b6-4498-a419-4727b994d309}</UniqueIdentifier>
    </Filter>
    <Filter Include="File di origine\utils">
      <UniqueIdentifier>{5163a03e-61bd-47e9-bd45-45de29946d25}</UniqueIdentifier>
    </Filter>
  </ItemGroup>
  <ItemGroup>
    <ClCompile Include="main.cpp">
      <Filter>File di origine</Filter>
    </ClCompile>
    <ClCompile Include="Renderer.cpp">
      <Filter>File di origine</Filter>
    </ClCompile>
    <ClCompile Include="Game.cpp">
      <Filter>File di origine</Filter>
    </ClCompile>
    <ClCompile Include="entity\EntityProperties.cpp">
      <Filter>File di origine\entity</Filter>
    </ClCompile>
    <ClCompile Include="entity\EntityState.cpp">
      <Filter>File di origine\entity</Filter>
    </ClCompile>
    <ClCompile Include="entity\entities\IEntity.cpp">
      <Filter>File di origine\entity\entities</Filter>
    </ClCompile>
    <ClCompile Include="levelgenerator\Maze.cpp">
      <Filter>File di origine\levelgenerator</Filter>
    </ClCompile>
    <ClCompile Include="obstacle\ObstacleProperties.cpp">
      <Filter>File di origine\obstacle</Filter>
    </ClCompile>
    <ClCompile Include="obstacle\ObstacleState.cpp">
      <Filter>File di origine\obstacle</Filter>
    </ClCompile>
    <ClCompile Include="obstacle\Obstacles.cpp">
      <Filter>File di origine\obstacle</Filter>
    </ClCompile>
    <ClCompile Include="obstacle\obstacles\Wall.cpp">
      <Filter>File di origine\obstacle\obstacles</Filter>
    </ClCompile>
    <ClCompile Include="utils\utils.cpp">
      <Filter>File di origine\utils</Filter>
    </ClCompile>
    <ClCompile Include="Player.cpp">
      <Filter>File di origine</Filter>
    </ClCompile>
    <ClCompile Include="entity\entities\MovingEntity.cpp">
      <Filter>File di origine\entity\entities</Filter>
    </ClCompile>
    <ClCompile Include="utils\Segment.cpp">
      <Filter>File di origine\utils</Filter>
    </ClCompile>
    <ClCompile Include="utils\Texture.cpp">
      <Filter>File di origine\utils</Filter>
    </ClCompile>
    <ClCompile Include="entity\entities\Collectible.cpp">
      <Filter>File di origine\entity\entities</Filter>
    </ClCompile>
  </ItemGroup>
  <ItemGroup>
    <ClInclude Include="Renderer.h">
      <Filter>File di intestazione</Filter>
    </ClInclude>
    <ClInclude Include="Game.h">
      <Filter>File di intestazione</Filter>
    </ClInclude>
    <ClInclude Include="entity\Entities.h">
      <Filter>File di intestazione\entity</Filter>
    </ClInclude>
    <ClInclude Include="entity\EntityProperties.h">
      <Filter>File di intestazione\entity</Filter>
    </ClInclude>
    <ClInclude Include="entity\EntityState.h">
      <Filter>File di intestazione\entity</Filter>
    </ClInclude>
    <ClInclude Include="entity\entities\IEntity.h">
      <Filter>File di intestazione\entity\entities</Filter>
    </ClInclude>
    <ClInclude Include="levelgenerator\Maze.h">
      <Filter>File di intestazione\levelgenerator</Filter>
    </ClInclude>
    <ClInclude Include="utils\ViewInfo.h">
      <Filter>File di intestazione\utils</Filter>
    </ClInclude>
    <ClInclude Include="obstacle\ObstacleProperties.h">
      <Filter>File di intestazione\obstacle</Filter>
    </ClInclude>
    <ClInclude Include="obstacle\Obstacles.h">
      <Filter>File di intestazione\obstacle</Filter>
    </ClInclude>
    <ClInclude Include="obstacle\ObstacleState.h">
      <Filter>File di intestazione\obstacle</Filter>
    </ClInclude>
    <ClInclude Include="obstacle\obstacles\IObstacle.h">
      <Filter>File di intestazione\obstacle\obstacles</Filter>
    </ClInclude>
    <ClInclude Include="obstacle\obstacles\Wall.h">
      <Filter>File di intestazione\obstacle\obstacles</Filter>
    </ClInclude>
    <ClInclude Include="Player.h">
      <Filter>File di intestazione</Filter>
    </ClInclude>
    <ClInclude Include="entity\entities\MovingEntity.h">
      <Filter>File di intestazione\entity\entities</Filter>
    </ClInclude>
    <ClInclude Include="utils\Texture.h">
      <Filter>File di intestazione\utils</Filter>
    </ClInclude>
    <ClInclude Include="utils\Segment.h">
      <Filter>File di intestazione\utils</Filter>
    </ClInclude>
    <ClInclude Include="entity\entities\Collectible.h">
      <Filter>File di intestazione\entity\entities</Filter>
    </ClInclude>
    <ClInclude Include="IElement.h">
      <Filter>File di intestazione</Filter>
    </ClInclude>
  </ItemGroup>
  <ItemGroup>
    <ResourceCompile Include="MazeGenerator.rc">
      <Filter>File di risorse</Filter>
    </ResourceCompile>
  </ItemGroup>
  <ItemGroup>
    <None Include="textures\brickwall.texture">
      <Filter>File di risorse</Filter>
    </None>
    <None Include="textures\entity.texture">
      <Filter>File di risorse</Filter>
    </None>
    <None Include="textures\collectible.texture">
      <Filter>File di risorse</Filter>
    </None>
    <None Include="textures\alt2.texture">
      <Filter>File di risorse</Filter>
    </None>
    <None Include="textures\wallAlt.texture">
      <Filter>File di risorse</Filter>
    </None>
  </ItemGroup>
</Project>